
Microsoft Visual Studio Solution File, Format Version 12.00
# Visual Studio Version 17
VisualStudioVersion = 17.4.33122.133
MinimumVisualStudioVersion = 10.0.40219.1
Project("{FAE04EC0-301F-11D3-BF4B-00C04F79EFBC}") = "advent2015", "advent2015.csproj", "{44942CD9-81D7-4AAF-B0AC-4F3FF0F5B248}"
EndProject
Global
	GlobalSection(SolutionConfigurationPlatforms) = preSolution
		Debug|Any CPU = Debug|Any CPU
		Release|Any CPU = Release|Any CPU
	EndGlobalSection
	GlobalSection(ProjectConfigurationPlatforms) = postSolution
		{44942CD9-81D7-4AAF-B0AC-4F3FF0F5B248}.Debug|Any CPU.ActiveCfg = Debug|Any CPU
		{44942CD9-81D7-4AAF-B0AC-4F3FF0F5B248}.Debug|Any CPU.Build.0 = Debug|Any CPU
		{44942CD9-81D7-4AAF-B0AC-4F3FF0F5B248}.Release|Any CPU.ActiveCfg = Release|Any CPU
		{44942CD9-81D7-4AAF-B0AC-4F3FF0F5B248}.Release|Any CPU.Build.0 = Release|Any CPU
	EndGlobalSection
	GlobalSection(SolutionProperties) = preSolution
		HideSolutionNode = FALSE
	EndGlobalSection
	GlobalSection(ExtensibilityGlobals) = postSolution
		SolutionGuid = {BE3B5763-AB1F-4C02-A6DB-CA64CFB1CD49}
	EndGlobalSection
EndGlobal
